
Microsoft Visual Studio Solution File, Format Version 12.00
# Visual Studio Version 17
VisualStudioVersion = 17.0.31903.59
MinimumVisualStudioVersion = 10.0.40219.1
Project("{2150E333-8FDC-42A3-9474-1A3956D46DE8}") = "src", "src", "{4842A8EE-B57A-48F8-8E18-E3DCB076B597}"
EndProject
Project("{FAE04EC0-301F-11D3-BF4B-00C04F79EFBC}") = "Onigwrap", "src\Onigwrap\Onigwrap.csproj", "{2C5A0363-CBA0-4C66-ABEB-9DBABCCE1E80}"
EndProject
Project("{FAE04EC0-301F-11D3-BF4B-00C04F79EFBC}") = "Onigwrap.Tests", "src\Onigwrap.Tests\Onigwrap.Tests.csproj", "{9B3CCDCF-0DD0-450A-A092-3882E180B024}"
EndProject
Project("{FAE04EC0-301F-11D3-BF4B-00C04F79EFBC}") = "Onigwrap.Wasm.Example", "src\Onigwrap.Wasm.Example\Onigwrap.Wasm.Example.csproj", "{B31F3DE2-FC19-49FC-BBF2-75183DD3BE0F}"
EndProject
Global
	GlobalSection(SolutionConfigurationPlatforms) = preSolution
		Debug|Any CPU = Debug|Any CPU
		Release|Any CPU = Release|Any CPU
	EndGlobalSection
	GlobalSection(SolutionProperties) = preSolution
		HideSolutionNode = FALSE
	EndGlobalSection
	GlobalSection(ProjectConfigurationPlatforms) = postSolution
		{2C5A0363-CBA0-4C66-ABEB-9DBABCCE1E80}.Debug|Any CPU.ActiveCfg = Debug|Any CPU
		{2C5A0363-CBA0-4C66-ABEB-9DBABCCE1E80}.Debug|Any CPU.Build.0 = Debug|Any CPU
		{2C5A0363-CBA0-4C66-ABEB-9DBABCCE1E80}.Release|Any CPU.ActiveCfg = Release|Any CPU
		{2C5A0363-CBA0-4C66-ABEB-9DBABCCE1E80}.Release|Any CPU.Build.0 = Release|Any CPU
		{9B3CCDCF-0DD0-450A-A092-3882E180B024}.Debug|Any CPU.ActiveCfg = Debug|Any CPU
		{9B3CCDCF-0DD0-450A-A092-3882E180B024}.Debug|Any CPU.Build.0 = Debug|Any CPU
		{9B3CCDCF-0DD0-450A-A092-3882E180B024}.Release|Any CPU.ActiveCfg = Release|Any CPU
		{9B3CCDCF-0DD0-450A-A092-3882E180B024}.Release|Any CPU.Build.0 = Release|Any CPU
		{B31F3DE2-FC19-49FC-BBF2-75183DD3BE0F}.Debug|Any CPU.ActiveCfg = Debug|Any CPU
		{B31F3DE2-FC19-49FC-BBF2-75183DD3BE0F}.Debug|Any CPU.Build.0 = Debug|Any CPU
		{B31F3DE2-FC19-49FC-BBF2-75183DD3BE0F}.Release|Any CPU.ActiveCfg = Release|Any CPU
		{B31F3DE2-FC19-49FC-BBF2-75183DD3BE0F}.Release|Any CPU.Build.0 = Release|Any CPU
	EndGlobalSection
	GlobalSection(NestedProjects) = preSolution
		{2C5A0363-CBA0-4C66-ABEB-9DBABCCE1E80} = {4842A8EE-B57A-48F8-8E18-E3DCB076B597}
		{9B3CCDCF-0DD0-450A-A092-3882E180B024} = {4842A8EE-B57A-48F8-8E18-E3DCB076B597}
		{B31F3DE2-FC19-49FC-BBF2-75183DD3BE0F} = {4842A8EE-B57A-48F8-8E18-E3DCB076B597}
	EndGlobalSection
EndGlobal
